
Microsoft Visual Studio Solution File, Format Version 12.00
# Visual Studio Version 17
VisualStudioVersion = 17.5.33627.172
MinimumVisualStudioVersion = 10.0.40219.1
Project("{FAE04EC0-301F-11D3-BF4B-00C04F79EFBC}") = "ProyectoCarrito", "ProyectoCarrito\ProyectoCarrito.csproj", "{B291938E-211C-43B4-B012-532C1138C5B9}"
EndProject
Project("{FAE04EC0-301F-11D3-BF4B-00C04F79EFBC}") = "Dominio", "Dominio\Dominio.csproj", "{BF5D572A-D0C2-4C3D-B175-403CBEF98736}"
EndProject
Project("{FAE04EC0-301F-11D3-BF4B-00C04F79EFBC}") = "Negocio", "Negocio\Negocio.csproj", "{B3EBF75F-DB3F-471E-8A93-EFEDAE4B29FE}"
EndProject
Global
	GlobalSection(SolutionConfigurationPlatforms) = preSolution
		Debug|Any CPU = Debug|Any CPU
		Release|Any CPU = Release|Any CPU
	EndGlobalSection
	GlobalSection(ProjectConfigurationPlatforms) = postSolution
		{B291938E-211C-43B4-B012-532C1138C5B9}.Debug|Any CPU.ActiveCfg = Debug|Any CPU
		{B291938E-211C-43B4-B012-532C1138C5B9}.Debug|Any CPU.Build.0 = Debug|Any CPU
		{B291938E-211C-43B4-B012-532C1138C5B9}.Release|Any CPU.ActiveCfg = Release|Any CPU
		{B291938E-211C-43B4-B012-532C1138C5B9}.Release|Any CPU.Build.0 = Release|Any CPU
		{BF5D572A-D0C2-4C3D-B175-403CBEF98736}.Debug|Any CPU.ActiveCfg = Debug|Any CPU
		{BF5D572A-D0C2-4C3D-B175-403CBEF98736}.Debug|Any CPU.Build.0 = Debug|Any CPU
		{BF5D572A-D0C2-4C3D-B175-403CBEF98736}.Release|Any CPU.ActiveCfg = Release|Any CPU
		{BF5D572A-D0C2-4C3D-B175-403CBEF98736}.Release|Any CPU.Build.0 = Release|Any CPU
		{B3EBF75F-DB3F-471E-8A93-EFEDAE4B29FE}.Debug|Any CPU.ActiveCfg = Debug|Any CPU
		{B3EBF75F-DB3F-471E-8A93-EFEDAE4B29FE}.Debug|Any CPU.Build.0 = Debug|Any CPU
		{B3EBF75F-DB3F-471E-8A93-EFEDAE4B29FE}.Release|Any CPU.ActiveCfg = Release|Any CPU
		{B3EBF75F-DB3F-471E-8A93-EFEDAE4B29FE}.Release|Any CPU.Build.0 = Release|Any CPU
	EndGlobalSection
	GlobalSection(SolutionProperties) = preSolution
		HideSolutionNode = FALSE
	EndGlobalSection
	GlobalSection(ExtensibilityGlobals) = postSolution
		SolutionGuid = {9C01BD1F-49CC-4A73-B4E0-B5CCA0CB3660}
	EndGlobalSection
EndGlobal
